// !$*UTF8*$!
{
	archiveVersion = 1;
	classes = {
	};
	objectVersion = 46;
	objects = {

/* Begin PBXBuildFile section */
		B673CE961C1B135A00A52755 /* RunViewController.swift in Sources */ = {isa = PBXBuildFile; fileRef = B673CE951C1B135A00A52755 /* RunViewController.swift */; };
		B6F184E61C1E4FAE003338C1 /* DataModel.xcdatamodeld in Sources */ = {isa = PBXBuildFile; fileRef = B6F184E41C1E4FAE003338C1 /* DataModel.xcdatamodeld */; };
		B6FE38EB1C1CA440002F81BA /* Run.swift in Sources */ = {isa = PBXBuildFile; fileRef = B6FE38EA1C1CA440002F81BA /* Run.swift */; };
		B6FE38ED1C1CA4C4002F81BA /* Location.swift in Sources */ = {isa = PBXBuildFile; fileRef = B6FE38EC1C1CA4C4002F81BA /* Location.swift */; };
		B6FE38EF1C1CA58E002F81BA /* HealthKit.framework in Frameworks */ = {isa = PBXBuildFile; fileRef = B6FE38EE1C1CA58E002F81BA /* HealthKit.framework */; };
		B824C0DA1C17872900C6A1D3 /* BMIResultViewController.swift in Sources */ = {isa = PBXBuildFile; fileRef = B824C0D91C17872900C6A1D3 /* BMIResultViewController.swift */; };
		B824C0DE1C1788F300C6A1D3 /* BMICalculator.swift in Sources */ = {isa = PBXBuildFile; fileRef = B824C0DD1C1788F300C6A1D3 /* BMICalculator.swift */; };
		B824C0EF1C19F61A00C6A1D3 /* WaistRationViewController.swift in Sources */ = {isa = PBXBuildFile; fileRef = B824C0EE1C19F61A00C6A1D3 /* WaistRationViewController.swift */; };
		B85527E21C1DF42C00D89BFA /* PlayContainer.swift in Sources */ = {isa = PBXBuildFile; fileRef = B85527E11C1DF42C00D89BFA /* PlayContainer.swift */; };
		B85527E91C1DF5FE00D89BFA /* Bolts.framework in Frameworks */ = {isa = PBXBuildFile; fileRef = B85527E31C1DF5FE00D89BFA /* Bolts.framework */; };
		B85527EA1C1DF5FE00D89BFA /* Parse.framework in Frameworks */ = {isa = PBXBuildFile; fileRef = B85527E41C1DF5FE00D89BFA /* Parse.framework */; };
		B85527EB1C1DF5FE00D89BFA /* ParseFacebookUtils.framework in Frameworks */ = {isa = PBXBuildFile; fileRef = B85527E51C1DF5FE00D89BFA /* ParseFacebookUtils.framework */; };
		B85527EC1C1DF5FE00D89BFA /* ParseFacebookUtilsV4.framework in Frameworks */ = {isa = PBXBuildFile; fileRef = B85527E61C1DF5FE00D89BFA /* ParseFacebookUtilsV4.framework */; };
		B85527ED1C1DF5FE00D89BFA /* ParseTwitterUtils.framework in Frameworks */ = {isa = PBXBuildFile; fileRef = B85527E71C1DF5FE00D89BFA /* ParseTwitterUtils.framework */; };
		B85527EE1C1DF5FE00D89BFA /* ParseUI.framework in Frameworks */ = {isa = PBXBuildFile; fileRef = B85527E81C1DF5FE00D89BFA /* ParseUI.framework */; };
		B85527F01C1DF61D00D89BFA /* AudioToolbox.framework in Frameworks */ = {isa = PBXBuildFile; fileRef = B85527EF1C1DF61D00D89BFA /* AudioToolbox.framework */; };
		B85527F21C1DF62700D89BFA /* CFNetwork.framework in Frameworks */ = {isa = PBXBuildFile; fileRef = B85527F11C1DF62700D89BFA /* CFNetwork.framework */; };
		B85527F41C1DF63100D89BFA /* CoreGraphics.framework in Frameworks */ = {isa = PBXBuildFile; fileRef = B85527F31C1DF63100D89BFA /* CoreGraphics.framework */; };
		B85527F61C1DF65500D89BFA /* QuartzCore.framework in Frameworks */ = {isa = PBXBuildFile; fileRef = B85527F51C1DF65500D89BFA /* QuartzCore.framework */; };
		B85527F81C1DF66600D89BFA /* Security.framework in Frameworks */ = {isa = PBXBuildFile; fileRef = B85527F71C1DF66600D89BFA /* Security.framework */; };
		B85527FA1C1DF66F00D89BFA /* StoreKit.framework in Frameworks */ = {isa = PBXBuildFile; fileRef = B85527F91C1DF66F00D89BFA /* StoreKit.framework */; };
		B85527FC1C1DF67800D89BFA /* SystemConfiguration.framework in Frameworks */ = {isa = PBXBuildFile; fileRef = B85527FB1C1DF67800D89BFA /* SystemConfiguration.framework */; };
		B85527FE1C1DF69000D89BFA /* libz.dylib in Frameworks */ = {isa = PBXBuildFile; fileRef = B85527FD1C1DF69000D89BFA /* libz.dylib */; };
		B85528001C1DF6A800D89BFA /* libsqlite3.dylib in Frameworks */ = {isa = PBXBuildFile; fileRef = B85527FF1C1DF6A800D89BFA /* libsqlite3.dylib */; };
		B85528041C1E054900D89BFA /* MainViewController.swift in Sources */ = {isa = PBXBuildFile; fileRef = B85528031C1E054900D89BFA /* MainViewController.swift */; };
		B85528081C1E0C8A00D89BFA /* Play.png in Resources */ = {isa = PBXBuildFile; fileRef = B85528051C1E0C8A00D89BFA /* Play.png */; };
		B85528091C1E0C8A00D89BFA /* Play@2x.png in Resources */ = {isa = PBXBuildFile; fileRef = B85528061C1E0C8A00D89BFA /* Play@2x.png */; };
		B855280A1C1E0C8A00D89BFA /* Play@3x.png in Resources */ = {isa = PBXBuildFile; fileRef = B85528071C1E0C8A00D89BFA /* Play@3x.png */; };
		B855280D1C1E0ED000D89BFA /* Main.storyboard in Resources */ = {isa = PBXBuildFile; fileRef = B855280B1C1E0ED000D89BFA /* Main.storyboard */; };
		B85528131C1E1ADA00D89BFA /* calculate.png in Resources */ = {isa = PBXBuildFile; fileRef = B85528101C1E1ADA00D89BFA /* calculate.png */; };
		B85528161C1E213E00D89BFA /* facebook-share-button.png in Resources */ = {isa = PBXBuildFile; fileRef = B85528141C1E213E00D89BFA /* facebook-share-button.png */; };
		B85528171C1E213E00D89BFA /* twitter-share-button.png in Resources */ = {isa = PBXBuildFile; fileRef = B85528151C1E213E00D89BFA /* twitter-share-button.png */; };
		B8D9E5C41C1E299F00ADF237 /* Start-Time-Button.png in Resources */ = {isa = PBXBuildFile; fileRef = B8D9E5C11C1E299F00ADF237 /* Start-Time-Button.png */; };
		B8D9E5C51C1E299F00ADF237 /* Play-Button.png in Resources */ = {isa = PBXBuildFile; fileRef = B8D9E5C21C1E299F00ADF237 /* Play-Button.png */; };
		B8D9E5C61C1E299F00ADF237 /* Pause-Button.png in Resources */ = {isa = PBXBuildFile; fileRef = B8D9E5C31C1E299F00ADF237 /* Pause-Button.png */; };
		B8D9E5C91C1E2AC500ADF237 /* WTH-Button.png in Resources */ = {isa = PBXBuildFile; fileRef = B8D9E5C71C1E2AC500ADF237 /* WTH-Button.png */; };
		B8D9E5CA1C1E2AC500ADF237 /* BMI-Button.png in Resources */ = {isa = PBXBuildFile; fileRef = B8D9E5C81C1E2AC500ADF237 /* BMI-Button.png */; };
		B8DE89AC1C1BCA3F00800201 /* Social.framework in Frameworks */ = {isa = PBXBuildFile; fileRef = B8DE89AB1C1BCA3F00800201 /* Social.framework */; };
		B8DE89AE1C1BCA8700800201 /* RunResultsViewController.swift in Sources */ = {isa = PBXBuildFile; fileRef = B8DE89AD1C1BCA8700800201 /* RunResultsViewController.swift */; };
		B8DE89B81C1BE2C100800201 /* start.png in Resources */ = {isa = PBXBuildFile; fileRef = B8DE89B51C1BE2C100800201 /* start.png */; };
		B8DE89B91C1BE2C100800201 /* start@2x.png in Resources */ = {isa = PBXBuildFile; fileRef = B8DE89B61C1BE2C100800201 /* start@2x.png */; };
		B8DE89BA1C1BE2C100800201 /* start@3x.png in Resources */ = {isa = PBXBuildFile; fileRef = B8DE89B71C1BE2C100800201 /* start@3x.png */; };
		B8DE89BE1C1BE35900800201 /* BMI.png in Resources */ = {isa = PBXBuildFile; fileRef = B8DE89BB1C1BE35900800201 /* BMI.png */; };
		B8DE89BF1C1BE35900800201 /* BMI@2x.png in Resources */ = {isa = PBXBuildFile; fileRef = B8DE89BC1C1BE35900800201 /* BMI@2x.png */; };
		B8DE89C01C1BE35900800201 /* BMI@3x.png in Resources */ = {isa = PBXBuildFile; fileRef = B8DE89BD1C1BE35900800201 /* BMI@3x.png */; };
		B8DE89C21C1C62CA00800201 /* BMIResults.png in Resources */ = {isa = PBXBuildFile; fileRef = B8DE89C11C1C62CA00800201 /* BMIResults.png */; };
		B8DE89C51C1C90B000800201 /* Icon-60@2x.png in Resources */ = {isa = PBXBuildFile; fileRef = B8DE89C31C1C90B000800201 /* Icon-60@2x.png */; };
		B8DE89C61C1C90B000800201 /* Icon-60@3x.png in Resources */ = {isa = PBXBuildFile; fileRef = B8DE89C41C1C90B000800201 /* Icon-60@3x.png */; };
		B8DE89C91C1C90CC00800201 /* Icon-76.png in Resources */ = {isa = PBXBuildFile; fileRef = B8DE89C71C1C90CC00800201 /* Icon-76.png */; };
		B8DE89CA1C1C90CC00800201 /* Icon-76@2x.png in Resources */ = {isa = PBXBuildFile; fileRef = B8DE89C81C1C90CC00800201 /* Icon-76@2x.png */; };
		B8EFE5FD1C13D0580008F2BD /* AppDelegate.swift in Sources */ = {isa = PBXBuildFile; fileRef = B8EFE5FC1C13D0580008F2BD /* AppDelegate.swift */; };
		B8EFE5FF1C13D0590008F2BD /* ViewController.swift in Sources */ = {isa = PBXBuildFile; fileRef = B8EFE5FE1C13D0590008F2BD /* ViewController.swift */; };
		B8EFE6041C13D0590008F2BD /* Images.xcassets in Resources */ = {isa = PBXBuildFile; fileRef = B8EFE6031C13D0590008F2BD /* Images.xcassets */; };
		B8EFE6071C13D0590008F2BD /* LaunchScreen.xib in Resources */ = {isa = PBXBuildFile; fileRef = B8EFE6051C13D0590008F2BD /* LaunchScreen.xib */; };
		B8EFE6131C13D0590008F2BD /* MyFitTests.swift in Sources */ = {isa = PBXBuildFile; fileRef = B8EFE6121C13D0590008F2BD /* MyFitTests.swift */; };
		B8EFE61D1C13D1370008F2BD /* CoreLocation.framework in Frameworks */ = {isa = PBXBuildFile; fileRef = B8EFE61C1C13D1370008F2BD /* CoreLocation.framework */; };
		B8EFE61F1C13D3200008F2BD /* MapKit.framework in Frameworks */ = {isa = PBXBuildFile; fileRef = B8EFE61E1C13D3200008F2BD /* MapKit.framework */; };
/* End PBXBuildFile section */

/* Begin PBXContainerItemProxy section */
		B8EFE60D1C13D0590008F2BD /* PBXContainerItemProxy */ = {
			isa = PBXContainerItemProxy;
			containerPortal = B8EFE5EF1C13D0580008F2BD /* Project object */;
			proxyType = 1;
			remoteGlobalIDString = B8EFE5F61C13D0580008F2BD;
			remoteInfo = MyFit;
		};
/* End PBXContainerItemProxy section */

/* Begin PBXFileReference section */
		B673CE951C1B135A00A52755 /* RunViewController.swift */ = {isa = PBXFileReference; fileEncoding = 4; lastKnownFileType = sourcecode.swift; path = RunViewController.swift; sourceTree = "<group>"; };
		B6F184E51C1E4FAE003338C1 /* DataModel.xcdatamodel */ = {isa = PBXFileReference; lastKnownFileType = wrapper.xcdatamodel; path = DataModel.xcdatamodel; sourceTree = "<group>"; };
		B6FE38EA1C1CA440002F81BA /* Run.swift */ = {isa = PBXFileReference; fileEncoding = 4; lastKnownFileType = sourcecode.swift; path = Run.swift; sourceTree = "<group>"; };
		B6FE38EC1C1CA4C4002F81BA /* Location.swift */ = {isa = PBXFileReference; fileEncoding = 4; lastKnownFileType = sourcecode.swift; path = Location.swift; sourceTree = "<group>"; };
		B6FE38EE1C1CA58E002F81BA /* HealthKit.framework */ = {isa = PBXFileReference; lastKnownFileType = wrapper.framework; name = HealthKit.framework; path = System/Library/Frameworks/HealthKit.framework; sourceTree = SDKROOT; };
		B824C0D91C17872900C6A1D3 /* BMIResultViewController.swift */ = {isa = PBXFileReference; fileEncoding = 4; lastKnownFileType = sourcecode.swift; path = BMIResultViewController.swift; sourceTree = "<group>"; };
		B824C0DD1C1788F300C6A1D3 /* BMICalculator.swift */ = {isa = PBXFileReference; fileEncoding = 4; lastKnownFileType = sourcecode.swift; path = BMICalculator.swift; sourceTree = "<group>"; };
		B824C0EE1C19F61A00C6A1D3 /* WaistRationViewController.swift */ = {isa = PBXFileReference; fileEncoding = 4; lastKnownFileType = sourcecode.swift; path = WaistRationViewController.swift; sourceTree = "<group>"; };
		B85527E11C1DF42C00D89BFA /* PlayContainer.swift */ = {isa = PBXFileReference; fileEncoding = 4; lastKnownFileType = sourcecode.swift; path = PlayContainer.swift; sourceTree = "<group>"; };
		B85527E31C1DF5FE00D89BFA /* Bolts.framework */ = {isa = PBXFileReference; lastKnownFileType = wrapper.framework; path = Bolts.framework; sourceTree = "<group>"; };
		B85527E41C1DF5FE00D89BFA /* Parse.framework */ = {isa = PBXFileReference; lastKnownFileType = wrapper.framework; path = Parse.framework; sourceTree = "<group>"; };
		B85527E51C1DF5FE00D89BFA /* ParseFacebookUtils.framework */ = {isa = PBXFileReference; lastKnownFileType = wrapper.framework; path = ParseFacebookUtils.framework; sourceTree = "<group>"; };
		B85527E61C1DF5FE00D89BFA /* ParseFacebookUtilsV4.framework */ = {isa = PBXFileReference; lastKnownFileType = wrapper.framework; path = ParseFacebookUtilsV4.framework; sourceTree = "<group>"; };
		B85527E71C1DF5FE00D89BFA /* ParseTwitterUtils.framework */ = {isa = PBXFileReference; lastKnownFileType = wrapper.framework; path = ParseTwitterUtils.framework; sourceTree = "<group>"; };
		B85527E81C1DF5FE00D89BFA /* ParseUI.framework */ = {isa = PBXFileReference; lastKnownFileType = wrapper.framework; path = ParseUI.framework; sourceTree = "<group>"; };
		B85527EF1C1DF61D00D89BFA /* AudioToolbox.framework */ = {isa = PBXFileReference; lastKnownFileType = wrapper.framework; name = AudioToolbox.framework; path = System/Library/Frameworks/AudioToolbox.framework; sourceTree = SDKROOT; };
		B85527F11C1DF62700D89BFA /* CFNetwork.framework */ = {isa = PBXFileReference; lastKnownFileType = wrapper.framework; name = CFNetwork.framework; path = System/Library/Frameworks/CFNetwork.framework; sourceTree = SDKROOT; };
		B85527F31C1DF63100D89BFA /* CoreGraphics.framework */ = {isa = PBXFileReference; lastKnownFileType = wrapper.framework; name = CoreGraphics.framework; path = System/Library/Frameworks/CoreGraphics.framework; sourceTree = SDKROOT; };
		B85527F51C1DF65500D89BFA /* QuartzCore.framework */ = {isa = PBXFileReference; lastKnownFileType = wrapper.framework; name = QuartzCore.framework; path = System/Library/Frameworks/QuartzCore.framework; sourceTree = SDKROOT; };
		B85527F71C1DF66600D89BFA /* Security.framework */ = {isa = PBXFileReference; lastKnownFileType = wrapper.framework; name = Security.framework; path = System/Library/Frameworks/Security.framework; sourceTree = SDKROOT; };
		B85527F91C1DF66F00D89BFA /* StoreKit.framework */ = {isa = PBXFileReference; lastKnownFileType = wrapper.framework; name = StoreKit.framework; path = System/Library/Frameworks/StoreKit.framework; sourceTree = SDKROOT; };
		B85527FB1C1DF67800D89BFA /* SystemConfiguration.framework */ = {isa = PBXFileReference; lastKnownFileType = wrapper.framework; name = SystemConfiguration.framework; path = System/Library/Frameworks/SystemConfiguration.framework; sourceTree = SDKROOT; };
		B85527FD1C1DF69000D89BFA /* libz.dylib */ = {isa = PBXFileReference; lastKnownFileType = "compiled.mach-o.dylib"; name = libz.dylib; path = usr/lib/libz.dylib; sourceTree = SDKROOT; };
		B85527FF1C1DF6A800D89BFA /* libsqlite3.dylib */ = {isa = PBXFileReference; lastKnownFileType = "compiled.mach-o.dylib"; name = libsqlite3.dylib; path = usr/lib/libsqlite3.dylib; sourceTree = SDKROOT; };
		B85528031C1E054900D89BFA /* MainViewController.swift */ = {isa = PBXFileReference; fileEncoding = 4; lastKnownFileType = sourcecode.swift; path = MainViewController.swift; sourceTree = "<group>"; };
		B85528051C1E0C8A00D89BFA /* Play.png */ = {isa = PBXFileReference; lastKnownFileType = image.png; path = Play.png; sourceTree = "<group>"; };
		B85528061C1E0C8A00D89BFA /* Play@2x.png */ = {isa = PBXFileReference; lastKnownFileType = image.png; path = "Play@2x.png"; sourceTree = "<group>"; };
		B85528071C1E0C8A00D89BFA /* Play@3x.png */ = {isa = PBXFileReference; lastKnownFileType = image.png; path = "Play@3x.png"; sourceTree = "<group>"; };
		B855280C1C1E0ED000D89BFA /* Base */ = {isa = PBXFileReference; lastKnownFileType = file.storyboard; name = Base; path = Base.lproj/Main.storyboard; sourceTree = "<group>"; };
		B85528101C1E1ADA00D89BFA /* calculate.png */ = {isa = PBXFileReference; lastKnownFileType = image.png; path = calculate.png; sourceTree = "<group>"; };
		B85528141C1E213E00D89BFA /* facebook-share-button.png */ = {isa = PBXFileReference; lastKnownFileType = image.png; path = "facebook-share-button.png"; sourceTree = "<group>"; };
		B85528151C1E213E00D89BFA /* twitter-share-button.png */ = {isa = PBXFileReference; lastKnownFileType = image.png; path = "twitter-share-button.png"; sourceTree = "<group>"; };
		B8D9E5C11C1E299F00ADF237 /* Start-Time-Button.png */ = {isa = PBXFileReference; lastKnownFileType = image.png; path = "Start-Time-Button.png"; sourceTree = "<group>"; };
		B8D9E5C21C1E299F00ADF237 /* Play-Button.png */ = {isa = PBXFileReference; lastKnownFileType = image.png; path = "Play-Button.png"; sourceTree = "<group>"; };
		B8D9E5C31C1E299F00ADF237 /* Pause-Button.png */ = {isa = PBXFileReference; lastKnownFileType = image.png; path = "Pause-Button.png"; sourceTree = "<group>"; };
		B8D9E5C71C1E2AC500ADF237 /* WTH-Button.png */ = {isa = PBXFileReference; lastKnownFileType = image.png; path = "WTH-Button.png"; sourceTree = "<group>"; };
		B8D9E5C81C1E2AC500ADF237 /* BMI-Button.png */ = {isa = PBXFileReference; lastKnownFileType = image.png; path = "BMI-Button.png"; sourceTree = "<group>"; };
		B8DE89AB1C1BCA3F00800201 /* Social.framework */ = {isa = PBXFileReference; lastKnownFileType = wrapper.framework; name = Social.framework; path = System/Library/Frameworks/Social.framework; sourceTree = SDKROOT; };
		B8DE89AD1C1BCA8700800201 /* RunResultsViewController.swift */ = {isa = PBXFileReference; fileEncoding = 4; lastKnownFileType = sourcecode.swift; path = RunResultsViewController.swift; sourceTree = "<group>"; };
		B8DE89B51C1BE2C100800201 /* start.png */ = {isa = PBXFileReference; lastKnownFileType = image.png; path = start.png; sourceTree = "<group>"; };
		B8DE89B61C1BE2C100800201 /* start@2x.png */ = {isa = PBXFileReference; lastKnownFileType = image.png; path = "start@2x.png"; sourceTree = "<group>"; };
		B8DE89B71C1BE2C100800201 /* start@3x.png */ = {isa = PBXFileReference; lastKnownFileType = image.png; path = "start@3x.png"; sourceTree = "<group>"; };
		B8DE89BB1C1BE35900800201 /* BMI.png */ = {isa = PBXFileReference; lastKnownFileType = image.png; path = BMI.png; sourceTree = "<group>"; };
		B8DE89BC1C1BE35900800201 /* BMI@2x.png */ = {isa = PBXFileReference; lastKnownFileType = image.png; path = "BMI@2x.png"; sourceTree = "<group>"; };
		B8DE89BD1C1BE35900800201 /* BMI@3x.png */ = {isa = PBXFileReference; lastKnownFileType = image.png; path = "BMI@3x.png"; sourceTree = "<group>"; };
		B8DE89C11C1C62CA00800201 /* BMIResults.png */ = {isa = PBXFileReference; lastKnownFileType = image.png; path = BMIResults.png; sourceTree = "<group>"; };
		B8DE89C31C1C90B000800201 /* Icon-60@2x.png */ = {isa = PBXFileReference; lastKnownFileType = image.png; path = "Icon-60@2x.png"; sourceTree = "<group>"; };
		B8DE89C41C1C90B000800201 /* Icon-60@3x.png */ = {isa = PBXFileReference; lastKnownFileType = image.png; path = "Icon-60@3x.png"; sourceTree = "<group>"; };
		B8DE89C71C1C90CC00800201 /* Icon-76.png */ = {isa = PBXFileReference; lastKnownFileType = image.png; path = "Icon-76.png"; sourceTree = "<group>"; };
		B8DE89C81C1C90CC00800201 /* Icon-76@2x.png */ = {isa = PBXFileReference; lastKnownFileType = image.png; path = "Icon-76@2x.png"; sourceTree = "<group>"; };
		B8EFE5F71C13D0580008F2BD /* MyFit.app */ = {isa = PBXFileReference; explicitFileType = wrapper.application; includeInIndex = 0; path = MyFit.app; sourceTree = BUILT_PRODUCTS_DIR; };
		B8EFE5FB1C13D0580008F2BD /* Info.plist */ = {isa = PBXFileReference; lastKnownFileType = text.plist.xml; path = Info.plist; sourceTree = "<group>"; };
		B8EFE5FC1C13D0580008F2BD /* AppDelegate.swift */ = {isa = PBXFileReference; lastKnownFileType = sourcecode.swift; path = AppDelegate.swift; sourceTree = "<group>"; };
		B8EFE5FE1C13D0590008F2BD /* ViewController.swift */ = {isa = PBXFileReference; lastKnownFileType = sourcecode.swift; path = ViewController.swift; sourceTree = "<group>"; };
		B8EFE6031C13D0590008F2BD /* Images.xcassets */ = {isa = PBXFileReference; lastKnownFileType = folder.assetcatalog; path = Images.xcassets; sourceTree = "<group>"; };
		B8EFE6061C13D0590008F2BD /* Base */ = {isa = PBXFileReference; lastKnownFileType = file.xib; name = Base; path = Base.lproj/LaunchScreen.xib; sourceTree = "<group>"; };
		B8EFE60C1C13D0590008F2BD /* MyFitTests.xctest */ = {isa = PBXFileReference; explicitFileType = wrapper.cfbundle; includeInIndex = 0; path = MyFitTests.xctest; sourceTree = BUILT_PRODUCTS_DIR; };
		B8EFE6111C13D0590008F2BD /* Info.plist */ = {isa = PBXFileReference; lastKnownFileType = text.plist.xml; path = Info.plist; sourceTree = "<group>"; };
		B8EFE6121C13D0590008F2BD /* MyFitTests.swift */ = {isa = PBXFileReference; lastKnownFileType = sourcecode.swift; path = MyFitTests.swift; sourceTree = "<group>"; };
		B8EFE61C1C13D1370008F2BD /* CoreLocation.framework */ = {isa = PBXFileReference; lastKnownFileType = wrapper.framework; name = CoreLocation.framework; path = System/Library/Frameworks/CoreLocation.framework; sourceTree = SDKROOT; };
		B8EFE61E1C13D3200008F2BD /* MapKit.framework */ = {isa = PBXFileReference; lastKnownFileType = wrapper.framework; name = MapKit.framework; path = System/Library/Frameworks/MapKit.framework; sourceTree = SDKROOT; };
/* End PBXFileReference section */

/* Begin PBXFrameworksBuildPhase section */
		B8EFE5F41C13D0580008F2BD /* Frameworks */ = {
			isa = PBXFrameworksBuildPhase;
			buildActionMask = 2147483647;
			files = (
				B85528001C1DF6A800D89BFA /* libsqlite3.dylib in Frameworks */,
				B85527FE1C1DF69000D89BFA /* libz.dylib in Frameworks */,
				B85527FC1C1DF67800D89BFA /* SystemConfiguration.framework in Frameworks */,
				B85527FA1C1DF66F00D89BFA /* StoreKit.framework in Frameworks */,
				B85527F81C1DF66600D89BFA /* Security.framework in Frameworks */,
				B85527F61C1DF65500D89BFA /* QuartzCore.framework in Frameworks */,
				B8EFE61D1C13D1370008F2BD /* CoreLocation.framework in Frameworks */,
				B85527F41C1DF63100D89BFA /* CoreGraphics.framework in Frameworks */,
				B85527F21C1DF62700D89BFA /* CFNetwork.framework in Frameworks */,
				B85527F01C1DF61D00D89BFA /* AudioToolbox.framework in Frameworks */,
				B85527EB1C1DF5FE00D89BFA /* ParseFacebookUtils.framework in Frameworks */,
				B85527E91C1DF5FE00D89BFA /* Bolts.framework in Frameworks */,
				B85527EE1C1DF5FE00D89BFA /* ParseUI.framework in Frameworks */,
				B85527EC1C1DF5FE00D89BFA /* ParseFacebookUtilsV4.framework in Frameworks */,
				B6FE38EF1C1CA58E002F81BA /* HealthKit.framework in Frameworks */,
				B85527ED1C1DF5FE00D89BFA /* ParseTwitterUtils.framework in Frameworks */,
				B8DE89AC1C1BCA3F00800201 /* Social.framework in Frameworks */,
				B8EFE61F1C13D3200008F2BD /* MapKit.framework in Frameworks */,
				B85527EA1C1DF5FE00D89BFA /* Parse.framework in Frameworks */,
			);
			runOnlyForDeploymentPostprocessing = 0;
		};
		B8EFE6091C13D0590008F2BD /* Frameworks */ = {
			isa = PBXFrameworksBuildPhase;
			buildActionMask = 2147483647;
			files = (
			);
			runOnlyForDeploymentPostprocessing = 0;
		};
/* End PBXFrameworksBuildPhase section */

/* Begin PBXGroup section */
		B6F184E71C1E5037003338C1 /* Models */ = {
			isa = PBXGroup;
			children = (
				B6FE38EA1C1CA440002F81BA /* Run.swift */,
				B6FE38EC1C1CA4C4002F81BA /* Location.swift */,
			);
			name = Models;
			sourceTree = "<group>";
		};
		B824C0ED1C186EE500C6A1D3 /* Design Files */ = {
			isa = PBXGroup;
			children = (
				B8DE89C11C1C62CA00800201 /* BMIResults.png */,
				B8DE89C71C1C90CC00800201 /* Icon-76.png */,
				B8DE89C81C1C90CC00800201 /* Icon-76@2x.png */,
				B85528141C1E213E00D89BFA /* facebook-share-button.png */,
				B85528151C1E213E00D89BFA /* twitter-share-button.png */,
				B8DE89C31C1C90B000800201 /* Icon-60@2x.png */,
				B8D9E5C11C1E299F00ADF237 /* Start-Time-Button.png */,
				B8D9E5C21C1E299F00ADF237 /* Play-Button.png */,
				B8D9E5C31C1E299F00ADF237 /* Pause-Button.png */,
				B8DE89C41C1C90B000800201 /* Icon-60@3x.png */,
				B8D9E5C71C1E2AC500ADF237 /* WTH-Button.png */,
				B8D9E5C81C1E2AC500ADF237 /* BMI-Button.png */,
				B85528101C1E1ADA00D89BFA /* calculate.png */,
				B8DE89B51C1BE2C100800201 /* start.png */,
				B8DE89B61C1BE2C100800201 /* start@2x.png */,
				B8DE89B71C1BE2C100800201 /* start@3x.png */,
				B85528051C1E0C8A00D89BFA /* Play.png */,
				B85528061C1E0C8A00D89BFA /* Play@2x.png */,
				B85528071C1E0C8A00D89BFA /* Play@3x.png */,
				B8DE89BB1C1BE35900800201 /* BMI.png */,
				B8DE89BC1C1BE35900800201 /* BMI@2x.png */,
				B8DE89BD1C1BE35900800201 /* BMI@3x.png */,
			);
			name = "Design Files";
			sourceTree = "<group>";
		};
		B8E5FDF11C1B9EB500C7D323 /* framworks */ = {
			isa = PBXGroup;
			children = (
				B85527FF1C1DF6A800D89BFA /* libsqlite3.dylib */,
				B85527FD1C1DF69000D89BFA /* libz.dylib */,
				B85527FB1C1DF67800D89BFA /* SystemConfiguration.framework */,
				B85527F91C1DF66F00D89BFA /* StoreKit.framework */,
				B85527F71C1DF66600D89BFA /* Security.framework */,
				B85527F51C1DF65500D89BFA /* QuartzCore.framework */,
				B85527F31C1DF63100D89BFA /* CoreGraphics.framework */,
				B85527F11C1DF62700D89BFA /* CFNetwork.framework */,
				B85527EF1C1DF61D00D89BFA /* AudioToolbox.framework */,
				B85527E31C1DF5FE00D89BFA /* Bolts.framework */,
				B85527E41C1DF5FE00D89BFA /* Parse.framework */,
				B85527E51C1DF5FE00D89BFA /* ParseFacebookUtils.framework */,
				B85527E61C1DF5FE00D89BFA /* ParseFacebookUtilsV4.framework */,
				B85527E71C1DF5FE00D89BFA /* ParseTwitterUtils.framework */,
				B85527E81C1DF5FE00D89BFA /* ParseUI.framework */,
				B6FE38EE1C1CA58E002F81BA /* HealthKit.framework */,
				B8DE89AB1C1BCA3F00800201 /* Social.framework */,
				B8EFE61C1C13D1370008F2BD /* CoreLocation.framework */,
				B8EFE61E1C13D3200008F2BD /* MapKit.framework */,
			);
			name = framworks;
			sourceTree = "<group>";
		};
		B8EFE5EE1C13D0580008F2BD = {
			isa = PBXGroup;
			children = (
				B8E5FDF11C1B9EB500C7D323 /* framworks */,
				B8EFE5F91C13D0580008F2BD /* MyFit */,
				B8EFE60F1C13D0590008F2BD /* MyFitTests */,
				B8EFE5F81C13D0580008F2BD /* Products */,
			);
			sourceTree = "<group>";
		};
		B8EFE5F81C13D0580008F2BD /* Products */ = {
			isa = PBXGroup;
			children = (
				B8EFE5F71C13D0580008F2BD /* MyFit.app */,
				B8EFE60C1C13D0590008F2BD /* MyFitTests.xctest */,
			);
			name = Products;
			sourceTree = "<group>";
		};
		B8EFE5F91C13D0580008F2BD /* MyFit */ = {
			isa = PBXGroup;
			children = (
				B6F184E71C1E5037003338C1 /* Models */,
				B673CE951C1B135A00A52755 /* RunViewController.swift */,
				B824C0DD1C1788F300C6A1D3 /* BMICalculator.swift */,
				B8EFE5FC1C13D0580008F2BD /* AppDelegate.swift */,
				B8EFE5FE1C13D0590008F2BD /* ViewController.swift */,
				B85527E11C1DF42C00D89BFA /* PlayContainer.swift */,
				B824C0D91C17872900C6A1D3 /* BMIResultViewController.swift */,
				B824C0EE1C19F61A00C6A1D3 /* WaistRationViewController.swift */,
				B8DE89AD1C1BCA8700800201 /* RunResultsViewController.swift */,
				B85528031C1E054900D89BFA /* MainViewController.swift */,
				B824C0ED1C186EE500C6A1D3 /* Design Files */,
				B8EFE6031C13D0590008F2BD /* Images.xcassets */,
				B8EFE6051C13D0590008F2BD /* LaunchScreen.xib */,
				B855280B1C1E0ED000D89BFA /* Main.storyboard */,
				B6F184E41C1E4FAE003338C1 /* DataModel.xcdatamodeld */,
				B8EFE5FA1C13D0580008F2BD /* Supporting Files */,
			);
			path = MyFit;
			sourceTree = "<group>";
		};
		B8EFE5FA1C13D0580008F2BD /* Supporting Files */ = {
			isa = PBXGroup;
			children = (
				B8EFE5FB1C13D0580008F2BD /* Info.plist */,
			);
			name = "Supporting Files";
			sourceTree = "<group>";
		};
		B8EFE60F1C13D0590008F2BD /* MyFitTests */ = {
			isa = PBXGroup;
			children = (
				B8EFE6121C13D0590008F2BD /* MyFitTests.swift */,
				B8EFE6101C13D0590008F2BD /* Supporting Files */,
			);
			path = MyFitTests;
			sourceTree = "<group>";
		};
		B8EFE6101C13D0590008F2BD /* Supporting Files */ = {
			isa = PBXGroup;
			children = (
				B8EFE6111C13D0590008F2BD /* Info.plist */,
			);
			name = "Supporting Files";
			sourceTree = "<group>";
		};
/* End PBXGroup section */

/* Begin PBXNativeTarget section */
		B8EFE5F61C13D0580008F2BD /* MyFit */ = {
			isa = PBXNativeTarget;
			buildConfigurationList = B8EFE6161C13D0590008F2BD /* Build configuration list for PBXNativeTarget "MyFit" */;
			buildPhases = (
				B8EFE5F31C13D0580008F2BD /* Sources */,
				B8EFE5F41C13D0580008F2BD /* Frameworks */,
				B8EFE5F51C13D0580008F2BD /* Resources */,
			);
			buildRules = (
			);
			dependencies = (
			);
			name = MyFit;
			productName = MyFit;
			productReference = B8EFE5F71C13D0580008F2BD /* MyFit.app */;
			productType = "com.apple.product-type.application";
		};
		B8EFE60B1C13D0590008F2BD /* MyFitTests */ = {
			isa = PBXNativeTarget;
			buildConfigurationList = B8EFE6191C13D0590008F2BD /* Build configuration list for PBXNativeTarget "MyFitTests" */;
			buildPhases = (
				B8EFE6081C13D0590008F2BD /* Sources */,
				B8EFE6091C13D0590008F2BD /* Frameworks */,
				B8EFE60A1C13D0590008F2BD /* Resources */,
			);
			buildRules = (
			);
			dependencies = (
				B8EFE60E1C13D0590008F2BD /* PBXTargetDependency */,
			);
			name = MyFitTests;
			productName = MyFitTests;
			productReference = B8EFE60C1C13D0590008F2BD /* MyFitTests.xctest */;
			productType = "com.apple.product-type.bundle.unit-test";
		};
/* End PBXNativeTarget section */

/* Begin PBXProject section */
		B8EFE5EF1C13D0580008F2BD /* Project object */ = {
			isa = PBXProject;
			attributes = {
				LastUpgradeCheck = 0640;
				ORGANIZATIONNAME = "Abdulaziz Jamal";
				TargetAttributes = {
					B8EFE5F61C13D0580008F2BD = {
						CreatedOnToolsVersion = 6.4;
						SystemCapabilities = {
							com.apple.BackgroundModes = {
								enabled = 1;
							};
						};
					};
					B8EFE60B1C13D0590008F2BD = {
						CreatedOnToolsVersion = 6.4;
						TestTargetID = B8EFE5F61C13D0580008F2BD;
					};
				};
			};
			buildConfigurationList = B8EFE5F21C13D0580008F2BD /* Build configuration list for PBXProject "MyFit" */;
			compatibilityVersion = "Xcode 3.2";
			developmentRegion = English;
			hasScannedForEncodings = 0;
			knownRegions = (
				en,
				Base,
			);
			mainGroup = B8EFE5EE1C13D0580008F2BD;
			productRefGroup = B8EFE5F81C13D0580008F2BD /* Products */;
			projectDirPath = "";
			projectRoot = "";
			targets = (
				B8EFE5F61C13D0580008F2BD /* MyFit */,
				B8EFE60B1C13D0590008F2BD /* MyFitTests */,
			);
		};
/* End PBXProject section */

/* Begin PBXResourcesBuildPhase section */
		B8EFE5F51C13D0580008F2BD /* Resources */ = {
			isa = PBXResourcesBuildPhase;
			buildActionMask = 2147483647;
			files = (
				B8DE89C91C1C90CC00800201 /* Icon-76.png in Resources */,
				B8D9E5C61C1E299F00ADF237 /* Pause-Button.png in Resources */,
				B8DE89BA1C1BE2C100800201 /* start@3x.png in Resources */,
				B85528131C1E1ADA00D89BFA /* calculate.png in Resources */,
				B8DE89C51C1C90B000800201 /* Icon-60@2x.png in Resources */,
				B8D9E5C41C1E299F00ADF237 /* Start-Time-Button.png in Resources */,
				B8DE89C21C1C62CA00800201 /* BMIResults.png in Resources */,
				B8DE89CA1C1C90CC00800201 /* Icon-76@2x.png in Resources */,
				B8EFE6071C13D0590008F2BD /* LaunchScreen.xib in Resources */,
				B85528171C1E213E00D89BFA /* twitter-share-button.png in Resources */,
				B8D9E5C51C1E299F00ADF237 /* Play-Button.png in Resources */,
				B855280D1C1E0ED000D89BFA /* Main.storyboard in Resources */,
				B8DE89C61C1C90B000800201 /* Icon-60@3x.png in Resources */,
				B8D9E5C91C1E2AC500ADF237 /* WTH-Button.png in Resources */,
				B8DE89BF1C1BE35900800201 /* BMI@2x.png in Resources */,
				B8EFE6041C13D0590008F2BD /* Images.xcassets in Resources */,
				B8DE89B91C1BE2C100800201 /* start@2x.png in Resources */,
				B8DE89B81C1BE2C100800201 /* start.png in Resources */,
				B85528161C1E213E00D89BFA /* facebook-share-button.png in Resources */,
				B855280A1C1E0C8A00D89BFA /* Play@3x.png in Resources */,
				B8D9E5CA1C1E2AC500ADF237 /* BMI-Button.png in Resources */,
				B85528081C1E0C8A00D89BFA /* Play.png in Resources */,
				B8DE89C01C1BE35900800201 /* BMI@3x.png in Resources */,
				B85528091C1E0C8A00D89BFA /* Play@2x.png in Resources */,
				B8DE89BE1C1BE35900800201 /* BMI.png in Resources */,
			);
			runOnlyForDeploymentPostprocessing = 0;
		};
		B8EFE60A1C13D0590008F2BD /* Resources */ = {
			isa = PBXResourcesBuildPhase;
			buildActionMask = 2147483647;
			files = (
			);
			runOnlyForDeploymentPostprocessing = 0;
		};
/* End PBXResourcesBuildPhase section */

/* Begin PBXSourcesBuildPhase section */
		B8EFE5F31C13D0580008F2BD /* Sources */ = {
			isa = PBXSourcesBuildPhase;
			buildActionMask = 2147483647;
			files = (
				B824C0DE1C1788F300C6A1D3 /* BMICalculator.swift in Sources */,
				B6FE38EB1C1CA440002F81BA /* Run.swift in Sources */,
				B6FE38ED1C1CA4C4002F81BA /* Location.swift in Sources */,
				B85528041C1E054900D89BFA /* MainViewController.swift in Sources */,
				B8EFE5FF1C13D0590008F2BD /* ViewController.swift in Sources */,
				B824C0EF1C19F61A00C6A1D3 /* WaistRationViewController.swift in Sources */,
				B8EFE5FD1C13D0580008F2BD /* AppDelegate.swift in Sources */,
				B85527E21C1DF42C00D89BFA /* PlayContainer.swift in Sources */,
				B673CE961C1B135A00A52755 /* RunViewController.swift in Sources */,
				B6F184E61C1E4FAE003338C1 /* DataModel.xcdatamodeld in Sources */,
				B824C0DA1C17872900C6A1D3 /* BMIResultViewController.swift in Sources */,
				B8DE89AE1C1BCA8700800201 /* RunResultsViewController.swift in Sources */,
			);
			runOnlyForDeploymentPostprocessing = 0;
		};
		B8EFE6081C13D0590008F2BD /* Sources */ = {
			isa = PBXSourcesBuildPhase;
			buildActionMask = 2147483647;
			files = (
				B8EFE6131C13D0590008F2BD /* MyFitTests.swift in Sources */,
			);
			runOnlyForDeploymentPostprocessing = 0;
		};
/* End PBXSourcesBuildPhase section */

/* Begin PBXTargetDependency section */
		B8EFE60E1C13D0590008F2BD /* PBXTargetDependency */ = {
			isa = PBXTargetDependency;
			target = B8EFE5F61C13D0580008F2BD /* MyFit */;
			targetProxy = B8EFE60D1C13D0590008F2BD /* PBXContainerItemProxy */;
		};
/* End PBXTargetDependency section */

/* Begin PBXVariantGroup section */
		B855280B1C1E0ED000D89BFA /* Main.storyboard */ = {
			isa = PBXVariantGroup;
			children = (
				B855280C1C1E0ED000D89BFA /* Base */,
			);
			name = Main.storyboard;
			sourceTree = "<group>";
		};
		B8EFE6051C13D0590008F2BD /* LaunchScreen.xib */ = {
			isa = PBXVariantGroup;
			children = (
				B8EFE6061C13D0590008F2BD /* Base */,
			);
			name = LaunchScreen.xib;
			sourceTree = "<group>";
		};
/* End PBXVariantGroup section */

/* Begin XCBuildConfiguration section */
		B8EFE6141C13D0590008F2BD /* Debug */ = {
			isa = XCBuildConfiguration;
			buildSettings = {
				ALWAYS_SEARCH_USER_PATHS = NO;
				CLANG_CXX_LANGUAGE_STANDARD = "gnu++0x";
				CLANG_CXX_LIBRARY = "libc++";
				CLANG_ENABLE_MODULES = YES;
				CLANG_ENABLE_OBJC_ARC = YES;
				CLANG_WARN_BOOL_CONVERSION = YES;
				CLANG_WARN_CONSTANT_CONVERSION = YES;
				CLANG_WARN_DIRECT_OBJC_ISA_USAGE = YES_ERROR;
				CLANG_WARN_EMPTY_BODY = YES;
				CLANG_WARN_ENUM_CONVERSION = YES;
				CLANG_WARN_INT_CONVERSION = YES;
				CLANG_WARN_OBJC_ROOT_CLASS = YES_ERROR;
				CLANG_WARN_UNREACHABLE_CODE = YES;
				CLANG_WARN__DUPLICATE_METHOD_MATCH = YES;
				"CODE_SIGN_IDENTITY[sdk=iphoneos*]" = "iPhone Developer";
				COPY_PHASE_STRIP = NO;
				DEBUG_INFORMATION_FORMAT = "dwarf-with-dsym";
				ENABLE_STRICT_OBJC_MSGSEND = YES;
				GCC_C_LANGUAGE_STANDARD = gnu99;
				GCC_DYNAMIC_NO_PIC = NO;
				GCC_NO_COMMON_BLOCKS = YES;
				GCC_OPTIMIZATION_LEVEL = 0;
				GCC_PREPROCESSOR_DEFINITIONS = (
					"DEBUG=1",
					"$(inherited)",
				);
				GCC_SYMBOLS_PRIVATE_EXTERN = NO;
				GCC_WARN_64_TO_32_BIT_CONVERSION = YES;
				GCC_WARN_ABOUT_RETURN_TYPE = YES_ERROR;
				GCC_WARN_UNDECLARED_SELECTOR = YES;
				GCC_WARN_UNINITIALIZED_AUTOS = YES_AGGRESSIVE;
				GCC_WARN_UNUSED_FUNCTION = YES;
				GCC_WARN_UNUSED_VARIABLE = YES;
				IPHONEOS_DEPLOYMENT_TARGET = 8.4;
				MTL_ENABLE_DEBUG_INFO = YES;
				ONLY_ACTIVE_ARCH = YES;
				SDKROOT = iphoneos;
				SWIFT_OPTIMIZATION_LEVEL = "-Onone";
				TARGETED_DEVICE_FAMILY = "1,2";
			};
			name = Debug;
		};
		B8EFE6151C13D0590008F2BD /* Release */ = {
			isa = XCBuildConfiguration;
			buildSettings = {
				ALWAYS_SEARCH_USER_PATHS = NO;
				CLANG_CXX_LANGUAGE_STANDARD = "gnu++0x";
				CLANG_CXX_LIBRARY = "libc++";
				CLANG_ENABLE_MODULES = YES;
				CLANG_ENABLE_OBJC_ARC = YES;
				CLANG_WARN_BOOL_CONVERSION = YES;
				CLANG_WARN_CONSTANT_CONVERSION = YES;
				CLANG_WARN_DIRECT_OBJC_ISA_USAGE = YES_ERROR;
				CLANG_WARN_EMPTY_BODY = YES;
				CLANG_WARN_ENUM_CONVERSION = YES;
				CLANG_WARN_INT_CONVERSION = YES;
				CLANG_WARN_OBJC_ROOT_CLASS = YES_ERROR;
				CLANG_WARN_UNREACHABLE_CODE = YES;
				CLANG_WARN__DUPLICATE_METHOD_MATCH = YES;
				"CODE_SIGN_IDENTITY[sdk=iphoneos*]" = "iPhone Developer";
				COPY_PHASE_STRIP = NO;
				DEBUG_INFORMATION_FORMAT = "dwarf-with-dsym";
				ENABLE_NS_ASSERTIONS = NO;
				ENABLE_STRICT_OBJC_MSGSEND = YES;
				GCC_C_LANGUAGE_STANDARD = gnu99;
				GCC_NO_COMMON_BLOCKS = YES;
				GCC_WARN_64_TO_32_BIT_CONVERSION = YES;
				GCC_WARN_ABOUT_RETURN_TYPE = YES_ERROR;
				GCC_WARN_UNDECLARED_SELECTOR = YES;
				GCC_WARN_UNINITIALIZED_AUTOS = YES_AGGRESSIVE;
				GCC_WARN_UNUSED_FUNCTION = YES;
				GCC_WARN_UNUSED_VARIABLE = YES;
				IPHONEOS_DEPLOYMENT_TARGET = 8.4;
				MTL_ENABLE_DEBUG_INFO = NO;
				SDKROOT = iphoneos;
				TARGETED_DEVICE_FAMILY = "1,2";
				VALIDATE_PRODUCT = YES;
			};
			name = Release;
		};
		B8EFE6171C13D0590008F2BD /* Debug */ = {
			isa = XCBuildConfiguration;
			buildSettings = {
				ASSETCATALOG_COMPILER_APPICON_NAME = AppIcon;
				FRAMEWORK_SEARCH_PATHS = (
					"$(inherited)",
					"$(PROJECT_DIR)",
				);
				INFOPLIST_FILE = MyFit/Info.plist;
				LD_RUNPATH_SEARCH_PATHS = "$(inherited) @executable_path/Frameworks";
				PRODUCT_NAME = "$(TARGET_NAME)";
			};
			name = Debug;
		};
		B8EFE6181C13D0590008F2BD /* Release */ = {
			isa = XCBuildConfiguration;
			buildSettings = {
				ASSETCATALOG_COMPILER_APPICON_NAME = AppIcon;
				FRAMEWORK_SEARCH_PATHS = (
					"$(inherited)",
					"$(PROJECT_DIR)",
				);
				INFOPLIST_FILE = MyFit/Info.plist;
				LD_RUNPATH_SEARCH_PATHS = "$(inherited) @executable_path/Frameworks";
				PRODUCT_NAME = "$(TARGET_NAME)";
			};
			name = Release;
		};
		B8EFE61A1C13D0590008F2BD /* Debug */ = {
			isa = XCBuildConfiguration;
			buildSettings = {
				BUNDLE_LOADER = "$(TEST_HOST)";
				FRAMEWORK_SEARCH_PATHS = (
					"$(SDKROOT)/Developer/Library/Frameworks",
					"$(inherited)",
				);
				GCC_PREPROCESSOR_DEFINITIONS = (
					"DEBUG=1",
					"$(inherited)",
				);
				INFOPLIST_FILE = MyFitTests/Info.plist;
				LD_RUNPATH_SEARCH_PATHS = "$(inherited) @executable_path/Frameworks @loader_path/Frameworks";
				PRODUCT_NAME = "$(TARGET_NAME)";
				TEST_HOST = "$(BUILT_PRODUCTS_DIR)/MyFit.app/MyFit";
			};
			name = Debug;
		};
		B8EFE61B1C13D0590008F2BD /* Release */ = {
			isa = XCBuildConfiguration;
			buildSettings = {
				BUNDLE_LOADER = "$(TEST_HOST)";
				FRAMEWORK_SEARCH_PATHS = (
					"$(SDKROOT)/Developer/Library/Frameworks",
					"$(inherited)",
				);
				INFOPLIST_FILE = MyFitTests/Info.plist;
				LD_RUNPATH_SEARCH_PATHS = "$(inherited) @executable_path/Frameworks @loader_path/Frameworks";
				PRODUCT_NAME = "$(TARGET_NAME)";
				TEST_HOST = "$(BUILT_PRODUCTS_DIR)/MyFit.app/MyFit";
			};
			name = Release;
		};
/* End XCBuildConfiguration section */

/* Begin XCConfigurationList section */
		B8EFE5F21C13D0580008F2BD /* Build configuration list for PBXProject "MyFit" */ = {
			isa = XCConfigurationList;
			buildConfigurations = (
				B8EFE6141C13D0590008F2BD /* Debug */,
				B8EFE6151C13D0590008F2BD /* Release */,
			);
			defaultConfigurationIsVisible = 0;
			defaultConfigurationName = Release;
		};
		B8EFE6161C13D0590008F2BD /* Build configuration list for PBXNativeTarget "MyFit" */ = {
			isa = XCConfigurationList;
			buildConfigurations = (
				B8EFE6171C13D0590008F2BD /* Debug */,
				B8EFE6181C13D0590008F2BD /* Release */,
			);
			defaultConfigurationIsVisible = 0;
			defaultConfigurationName = Release;
		};
		B8EFE6191C13D0590008F2BD /* Build configuration list for PBXNativeTarget "MyFitTests" */ = {
			isa = XCConfigurationList;
			buildConfigurations = (
				B8EFE61A1C13D0590008F2BD /* Debug */,
				B8EFE61B1C13D0590008F2BD /* Release */,
			);
			defaultConfigurationIsVisible = 0;
			defaultConfigurationName = Release;
		};
/* End XCConfigurationList section */

/* Begin XCVersionGroup section */
		B6F184E41C1E4FAE003338C1 /* DataModel.xcdatamodeld */ = {
			isa = XCVersionGroup;
			children = (
				B6F184E51C1E4FAE003338C1 /* DataModel.xcdatamodel */,
			);
			currentVersion = B6F184E51C1E4FAE003338C1 /* DataModel.xcdatamodel */;
			path = DataModel.xcdatamodeld;
			sourceTree = "<group>";
			versionGroupType = wrapper.xcdatamodel;
		};
/* End XCVersionGroup section */
	};
	rootObject = B8EFE5EF1C13D0580008F2BD /* Project object */;
}
